
Microsoft Visual Studio Solution File, Format Version 12.00
# Visual Studio 2012
Project("{FAE04EC0-301F-11D3-BF4B-00C04F79EFBC}") = "EnterpriseWPF", "EnterpriseWPF\EnterpriseWPF.csproj", "{DEF796B1-B53E-40A5-BF64-4A81D46C08FC}"
EndProject
Global
	GlobalSection(SolutionConfigurationPlatforms) = preSolution
		Debug|Any CPU = Debug|Any CPU
		Release|Any CPU = Release|Any CPU
	EndGlobalSection
	GlobalSection(ProjectConfigurationPlatforms) = postSolution
		{DEF796B1-B53E-40A5-BF64-4A81D46C08FC}.Debug|Any CPU.ActiveCfg = Debug|Any CPU
		{DEF796B1-B53E-40A5-BF64-4A81D46C08FC}.Debug|Any CPU.Build.0 = Debug|Any CPU
		{DEF796B1-B53E-40A5-BF64-4A81D46C08FC}.Release|Any CPU.ActiveCfg = Release|Any CPU
		{DEF796B1-B53E-40A5-BF64-4A81D46C08FC}.Release|Any CPU.Build.0 = Release|Any CPU
	EndGlobalSection
	GlobalSection(SolutionProperties) = preSolution
		HideSolutionNode = FALSE
	EndGlobalSection
EndGlobal
